
Microsoft Visual Studio Solution File, Format Version 12.00
# Visual Studio Version 17
VisualStudioVersion = 17.3.32929.385
MinimumVisualStudioVersion = 10.0.40219.1
Project("{FAE04EC0-301F-11D3-BF4B-00C04F79EFBC}") = "AppointmentSchedular", "AppointmentSchedular\AppointmentSchedular.csproj", "{ADB4039D-C519-4146-9CD3-A4E1194C1C7C}"
EndProject
Global
	GlobalSection(SolutionConfigurationPlatforms) = preSolution
		Debug|Any CPU = Debug|Any CPU
		Release|Any CPU = Release|Any CPU
	EndGlobalSection
	GlobalSection(ProjectConfigurationPlatforms) = postSolution
		{ADB4039D-C519-4146-9CD3-A4E1194C1C7C}.Debug|Any CPU.ActiveCfg = Debug|Any CPU
		{ADB4039D-C519-4146-9CD3-A4E1194C1C7C}.Debug|Any CPU.Build.0 = Debug|Any CPU
		{ADB4039D-C519-4146-9CD3-A4E1194C1C7C}.Release|Any CPU.ActiveCfg = Release|Any CPU
		{ADB4039D-C519-4146-9CD3-A4E1194C1C7C}.Release|Any CPU.Build.0 = Release|Any CPU
	EndGlobalSection
	GlobalSection(SolutionProperties) = preSolution
		HideSolutionNode = FALSE
	EndGlobalSection
	GlobalSection(ExtensibilityGlobals) = postSolution
		SolutionGuid = {61EDDA63-2EDB-434C-A50D-C9EB93DA23A6}
	EndGlobalSection
EndGlobal
